github.com/dustin/go-broadcast #3bdf6d4a7164a50bc19d5f230e2981d87d2584f1
github.com/gin-gonic/gin #70325deb98d3f65551e83147ff11d8c32989a887
github.com/manucorporat/sse #c142f0f1baea5cef7f98a8a6c222f6134368c1f5
github.com/manucorporat/stats #8f2d6ace262eba462e9beb552382c98be51d807b
github.com/mattn/go-colorable #d67e0b7d1797975196499f79bcc322c08b9f218b
github.com/onsi/ginkgo/ginkgo #462326b1628e124b23f42e87a8f2750e3c4e2d24
github.com/onsi/gomega #d6c945f9fdbf6cad99e85b0feff591caa268e0db
golang.org/x/net #dfe268fd2bb5c793f4c083803609fce9806c6f80
golang.org/x/text #df923bbb63f8ea3a26bb743e2a497abd0ab585f7
gopkg.in/bluesuncorp/validator.v5 #1d61bf31487322f9bffa4d9f1eda4a53175b58dd
